// !$*UTF8*$!
{
	archiveVersion = 1;
	classes = {
	};
	objectVersion = 50;
	objects = {

/* Begin PBXBuildFile section */
		2ABE8BA3228FD033004053E9 /* AppDelegate.swift in Sources */ = {isa = PBXBuildFile; fileRef = 2ABE8BA2228FD033004053E9 /* AppDelegate.swift */; };
		2ABE8BA8228FD033004053E9 /* Main.storyboard in Resources */ = {isa = PBXBuildFile; fileRef = 2ABE8BA6228FD033004053E9 /* Main.storyboard */; };
		2ABE8BAA228FD037004053E9 /* Assets.xcassets in Resources */ = {isa = PBXBuildFile; fileRef = 2ABE8BA9228FD037004053E9 /* Assets.xcassets */; };
		2ABE8BAD228FD037004053E9 /* LaunchScreen.storyboard in Resources */ = {isa = PBXBuildFile; fileRef = 2ABE8BAB228FD037004053E9 /* LaunchScreen.storyboard */; };
		2ABE8BB5228FD25F004053E9 /* HappinessListViewController.swift in Sources */ = {isa = PBXBuildFile; fileRef = 2ABE8BB4228FD25F004053E9 /* HappinessListViewController.swift */; };
		2ABE8BB7228FD2D5004053E9 /* HappinessItem.swift in Sources */ = {isa = PBXBuildFile; fileRef = 2ABE8BB6228FD2D5004053E9 /* HappinessItem.swift */; };
		2ABE8BB9228FE0F6004053E9 /* HappinessList.swift in Sources */ = {isa = PBXBuildFile; fileRef = 2ABE8BB8228FE0F6004053E9 /* HappinessList.swift */; };
		2ABE8BBB22918E14004053E9 /* ItemDetailViewController.swift in Sources */ = {isa = PBXBuildFile; fileRef = 2ABE8BBA22918E14004053E9 /* ItemDetailViewController.swift */; };
/* End PBXBuildFile section */

/* Begin PBXFileReference section */
		2ABE8B9F228FD033004053E9 /* AnalysisYourHappiness.app */ = {isa = PBXFileReference; explicitFileType = wrapper.application; includeInIndex = 0; path = AnalysisYourHappiness.app; sourceTree = BUILT_PRODUCTS_DIR; };
		2ABE8BA2228FD033004053E9 /* AppDelegate.swift */ = {isa = PBXFileReference; lastKnownFileType = sourcecode.swift; path = AppDelegate.swift; sourceTree = "<group>"; };
		2ABE8BA7228FD033004053E9 /* Base */ = {isa = PBXFileReference; lastKnownFileType = file.storyboard; name = Base; path = Base.lproj/Main.storyboard; sourceTree = "<group>"; };
		2ABE8BA9228FD037004053E9 /* Assets.xcassets */ = {isa = PBXFileReference; lastKnownFileType = folder.assetcatalog; path = Assets.xcassets; sourceTree = "<group>"; };
		2ABE8BAC228FD037004053E9 /* Base */ = {isa = PBXFileReference; lastKnownFileType = file.storyboard; name = Base; path = Base.lproj/LaunchScreen.storyboard; sourceTree = "<group>"; };
		2ABE8BAE228FD037004053E9 /* Info.plist */ = {isa = PBXFileReference; lastKnownFileType = text.plist.xml; path = Info.plist; sourceTree = "<group>"; };
		2ABE8BB4228FD25F004053E9 /* HappinessListViewController.swift */ = {isa = PBXFileReference; lastKnownFileType = sourcecode.swift; path = HappinessListViewController.swift; sourceTree = "<group>"; };
		2ABE8BB6228FD2D5004053E9 /* HappinessItem.swift */ = {isa = PBXFileReference; lastKnownFileType = sourcecode.swift; path = HappinessItem.swift; sourceTree = "<group>"; };
		2ABE8BB8228FE0F6004053E9 /* HappinessList.swift */ = {isa = PBXFileReference; lastKnownFileType = sourcecode.swift; path = HappinessList.swift; sourceTree = "<group>"; };
		2ABE8BBA22918E14004053E9 /* ItemDetailViewController.swift */ = {isa = PBXFileReference; lastKnownFileType = sourcecode.swift; path = ItemDetailViewController.swift; sourceTree = "<group>"; };
/* End PBXFileReference section */

/* Begin PBXFrameworksBuildPhase section */
		2ABE8B9C228FD033004053E9 /* Frameworks */ = {
			isa = PBXFrameworksBuildPhase;
			buildActionMask = 2147483647;
			files = (
			);
			runOnlyForDeploymentPostprocessing = 0;
		};
/* End PBXFrameworksBuildPhase section */

/* Begin PBXGroup section */
		2ABE8B96228FD033004053E9 = {
			isa = PBXGroup;
			children = (
				2ABE8BA1228FD033004053E9 /* AnalysisYourHappiness */,
				2ABE8BA0228FD033004053E9 /* Products */,
			);
			sourceTree = "<group>";
		};
		2ABE8BA0228FD033004053E9 /* Products */ = {
			isa = PBXGroup;
			children = (
				2ABE8B9F228FD033004053E9 /* AnalysisYourHappiness.app */,
			);
			name = Products;
			sourceTree = "<group>";
		};
		2ABE8BA1228FD033004053E9 /* AnalysisYourHappiness */ = {
			isa = PBXGroup;
			children = (
				2ABE8BA2228FD033004053E9 /* AppDelegate.swift */,
				2ABE8BB4228FD25F004053E9 /* HappinessListViewController.swift */,
				2ABE8BBA22918E14004053E9 /* ItemDetailViewController.swift */,
				2ABE8BB8228FE0F6004053E9 /* HappinessList.swift */,
				2ABE8BB6228FD2D5004053E9 /* HappinessItem.swift */,
				2ABE8BA6228FD033004053E9 /* Main.storyboard */,
				2ABE8BA9228FD037004053E9 /* Assets.xcassets */,
				2ABE8BAB228FD037004053E9 /* LaunchScreen.storyboard */,
				2ABE8BAE228FD037004053E9 /* Info.plist */,
			);
			path = AnalysisYourHappiness;
			sourceTree = "<group>";
		};
/* End PBXGroup section */

/* Begin PBXNativeTarget section */
		2ABE8B9E228FD033004053E9 /* AnalysisYourHappiness */ = {
			isa = PBXNativeTarget;
			buildConfigurationList = 2ABE8BB1228FD038004053E9 /* Build configuration list for PBXNativeTarget "AnalysisYourHappiness" */;
			buildPhases = (
				2ABE8B9B228FD033004053E9 /* Sources */,
				2ABE8B9C228FD033004053E9 /* Frameworks */,
				2ABE8B9D228FD033004053E9 /* Resources */,
			);
			buildRules = (
			);
			dependencies = (
			);
			name = AnalysisYourHappiness;
			productName = AnalysisYourHappiness;
			productReference = 2ABE8B9F228FD033004053E9 /* AnalysisYourHappiness.app */;
			productType = "com.apple.product-type.application";
		};
/* End PBXNativeTarget section */

/* Begin PBXProject section */
		2ABE8B97228FD033004053E9 /* Project object */ = {
			isa = PBXProject;
			attributes = {
				LastSwiftUpdateCheck = 1020;
				LastUpgradeCheck = 1020;
				ORGANIZATIONNAME = ikeh1024;
				TargetAttributes = {
					2ABE8B9E228FD033004053E9 = {
						CreatedOnToolsVersion = 10.2.1;
					};
				};
			};
			buildConfigurationList = 2ABE8B9A228FD033004053E9 /* Build configuration list for PBXProject "AnalysisYourHappiness" */;
			compatibilityVersion = "Xcode 9.3";
			developmentRegion = en;
			hasScannedForEncodings = 0;
			knownRegions = (
				en,
				Base,
			);
			mainGroup = 2ABE8B96228FD033004053E9;
			productRefGroup = 2ABE8BA0228FD033004053E9 /* Products */;
			projectDirPath = "";
			projectRoot = "";
			targets = (
				2ABE8B9E228FD033004053E9 /* AnalysisYourHappiness */,
			);
		};
/* End PBXProject section */

/* Begin PBXResourcesBuildPhase section */
		2ABE8B9D228FD033004053E9 /* Resources */ = {
			isa = PBXResourcesBuildPhase;
			buildActionMask = 2147483647;
			files = (
				2ABE8BAD228FD037004053E9 /* LaunchScreen.storyboard in Resources */,
				2ABE8BAA228FD037004053E9 /* Assets.xcassets in Resources */,
				2ABE8BA8228FD033004053E9 /* Main.storyboard in Resources */,
			);
			runOnlyForDeploymentPostprocessing = 0;
		};
/* End PBXResourcesBuildPhase section */

/* Begin PBXSourcesBuildPhase section */
		2ABE8B9B228FD033004053E9 /* Sources */ = {
			isa = PBXSourcesBuildPhase;
			buildActionMask = 2147483647;
			files = (
				2ABE8BBB22918E14004053E9 /* ItemDetailViewController.swift in Sources */,
				2ABE8BB5228FD25F004053E9 /* HappinessListViewController.swift in Sources */,
				2ABE8BB9228FE0F6004053E9 /* HappinessList.swift in Sources */,
				2ABE8BB7228FD2D5004053E9 /* HappinessItem.swift in Sources */,
				2ABE8BA3228FD033004053E9 /* AppDelegate.swift in Sources */,
			);
			runOnlyForDeploymentPostprocessing = 0;
		};
/* End PBXSourcesBuildPhase section */

/* Begin PBXVariantGroup section */
		2ABE8BA6228FD033004053E9 /* Main.storyboard */ = {
			isa = PBXVariantGroup;
			children = (
				2ABE8BA7228FD033004053E9 /* Base */,
			);
			name = Main.storyboard;
			sourceTree = "<group>";
		};
		2ABE8BAB228FD037004053E9 /* LaunchScreen.storyboard */ = {
			isa = PBXVariantGroup;
			children = (
				2ABE8BAC228FD037004053E9 /* Base */,
			);
			name = LaunchScreen.storyboard;
			sourceTree = "<group>";
		};
/* End PBXVariantGroup section */

/* Begin XCBuildConfiguration section */
		2ABE8BAF228FD037004053E9 /* Debug */ = {
			isa = XCBuildConfiguration;
			buildSettings = {
				ALWAYS_SEARCH_USER_PATHS = NO;
				CLANG_ANALYZER_NONNULL = YES;
				CLANG_ANALYZER_NUMBER_OBJECT_CONVERSION = YES_AGGRESSIVE;
				CLANG_CXX_LANGUAGE_STANDARD = "gnu++14";
				CLANG_CXX_LIBRARY = "libc++";
				CLANG_ENABLE_MODULES = YES;
				CLANG_ENABLE_OBJC_ARC = YES;
				CLANG_ENABLE_OBJC_WEAK = YES;
				CLANG_WARN_BLOCK_CAPTURE_AUTORELEASING = YES;
				CLANG_WARN_BOOL_CONVERSION = YES;
				CLANG_WARN_COMMA = YES;
				CLANG_WARN_CONSTANT_CONVERSION = YES;
				CLANG_WARN_DEPRECATED_OBJC_IMPLEMENTATIONS = YES;
				CLANG_WARN_DIRECT_OBJC_ISA_USAGE = YES_ERROR;
				CLANG_WARN_DOCUMENTATION_COMMENTS = YES;
				CLANG_WARN_EMPTY_BODY = YES;
				CLANG_WARN_ENUM_CONVERSION = YES;
				CLANG_WARN_INFINITE_RECURSION = YES;
				CLANG_WARN_INT_CONVERSION = YES;
				CLANG_WARN_NON_LITERAL_NULL_CONVERSION = YES;
				CLANG_WARN_OBJC_IMPLICIT_RETAIN_SELF = YES;
				CLANG_WARN_OBJC_LITERAL_CONVERSION = YES;
				CLANG_WARN_OBJC_ROOT_CLASS = YES_ERROR;
				CLANG_WARN_RANGE_LOOP_ANALYSIS = YES;
				CLANG_WARN_STRICT_PROTOTYPES = YES;
				CLANG_WARN_SUSPICIOUS_MOVE = YES;
				CLANG_WARN_UNGUARDED_AVAILABILITY = YES_AGGRESSIVE;
				CLANG_WARN_UNREACHABLE_CODE = YES;
				CLANG_WARN__DUPLICATE_METHOD_MATCH = YES;
				CODE_SIGN_IDENTITY = "iPhone Developer";
				COPY_PHASE_STRIP = NO;
				DEBUG_INFORMATION_FORMAT = dwarf;
				ENABLE_STRICT_OBJC_MSGSEND = YES;
				ENABLE_TESTABILITY = YES;
				GCC_C_LANGUAGE_STANDARD = gnu11;
				GCC_DYNAMIC_NO_PIC = NO;
				GCC_NO_COMMON_BLOCKS = YES;
				GCC_OPTIMIZATION_LEVEL = 0;
				GCC_PREPROCESSOR_DEFINITIONS = (
					"DEBUG=1",
					"$(inherited)",
				);
				GCC_WARN_64_TO_32_BIT_CONVERSION = YES;
				GCC_WARN_ABOUT_RETURN_TYPE = YES_ERROR;
				GCC_WARN_UNDECLARED_SELECTOR = YES;
				GCC_WARN_UNINITIALIZED_AUTOS = YES_AGGRESSIVE;
				GCC_WARN_UNUSED_FUNCTION = YES;
				GCC_WARN_UNUSED_VARIABLE = YES;
				IPHONEOS_DEPLOYMENT_TARGET = 12.2;
				MTL_ENABLE_DEBUG_INFO = INCLUDE_SOURCE;
				MTL_FAST_MATH = YES;
				ONLY_ACTIVE_ARCH = YES;
				SDKROOT = iphoneos;
				SWIFT_ACTIVE_COMPILATION_CONDITIONS = DEBUG;
				SWIFT_OPTIMIZATION_LEVEL = "-Onone";
			};
			name = Debug;
		};
		2ABE8BB0228FD038004053E9 /* Release */ = {
			isa = XCBuildConfiguration;
			buildSettings = {
				ALWAYS_SEARCH_USER_PATHS = NO;
				CLANG_ANALYZER_NONNULL = YES;
				CLANG_ANALYZER_NUMBER_OBJECT_CONVERSION = YES_AGGRESSIVE;
				CLANG_CXX_LANGUAGE_STANDARD = "gnu++14";
				CLANG_CXX_LIBRARY = "libc++";
				CLANG_ENABLE_MODULES = YES;
				CLANG_ENABLE_OBJC_ARC = YES;
				CLANG_ENABLE_OBJC_WEAK = YES;
				CLANG_WARN_BLOCK_CAPTURE_AUTORELEASING = YES;
				CLANG_WARN_BOOL_CONVERSION = YES;
				CLANG_WARN_COMMA = YES;
				CLANG_WARN_CONSTANT_CONVERSION = YES;
				CLANG_WARN_DEPRECATED_OBJC_IMPLEMENTATIONS = YES;
				CLANG_WARN_DIRECT_OBJC_ISA_USAGE = YES_ERROR;
				CLANG_WARN_DOCUMENTATION_COMMENTS = YES;
				CLANG_WARN_EMPTY_BODY = YES;
				CLANG_WARN_ENUM_CONVERSION = YES;
				CLANG_WARN_INFINITE_RECURSION = YES;
				CLANG_WARN_INT_CONVERSION = YES;
				CLANG_WARN_NON_LITERAL_NULL_CONVERSION = YES;
				CLANG_WARN_OBJC_IMPLICIT_RETAIN_SELF = YES;
				CLANG_WARN_OBJC_LITERAL_CONVERSION = YES;
				CLANG_WARN_OBJC_ROOT_CLASS = YES_ERROR;
				CLANG_WARN_RANGE_LOOP_ANALYSIS = YES;
				CLANG_WARN_STRICT_PROTOTYPES = YES;
				CLANG_WARN_SUSPICIOUS_MOVE = YES;
				CLANG_WARN_UNGUARDED_AVAILABILITY = YES_AGGRESSIVE;
				CLANG_WARN_UNREACHABLE_CODE = YES;
				CLANG_WARN__DUPLICATE_METHOD_MATCH = YES;
				CODE_SIGN_IDENTITY = "iPhone Developer";
				COPY_PHASE_STRIP = NO;
				DEBUG_INFORMATION_FORMAT = "dwarf-with-dsym";
				ENABLE_NS_ASSERTIONS = NO;
				ENABLE_STRICT_OBJC_MSGSEND = YES;
				GCC_C_LANGUAGE_STANDARD = gnu11;
				GCC_NO_COMMON_BLOCKS = YES;
				GCC_WARN_64_TO_32_BIT_CONVERSION = YES;
				GCC_WARN_ABOUT_RETURN_TYPE = YES_ERROR;
				GCC_WARN_UNDECLARED_SELECTOR = YES;
				GCC_WARN_UNINITIALIZED_AUTOS = YES_AGGRESSIVE;
				GCC_WARN_UNUSED_FUNCTION = YES;
				GCC_WARN_UNUSED_VARIABLE = YES;
				IPHONEOS_DEPLOYMENT_TARGET = 12.2;
				MTL_ENABLE_DEBUG_INFO = NO;
				MTL_FAST_MATH = YES;
				SDKROOT = iphoneos;
				SWIFT_COMPILATION_MODE = wholemodule;
				SWIFT_OPTIMIZATION_LEVEL = "-O";
				VALIDATE_PRODUCT = YES;
			};
			name = Release;
		};
		2ABE8BB2228FD038004053E9 /* Debug */ = {
			isa = XCBuildConfiguration;
			buildSettings = {
				ASSETCATALOG_COMPILER_APPICON_NAME = AppIcon;
				CODE_SIGN_STYLE = Automatic;
				INFOPLIST_FILE = AnalysisYourHappiness/Info.plist;
				LD_RUNPATH_SEARCH_PATHS = (
					"$(inherited)",
					"@executable_path/Frameworks",
				);
				PRODUCT_BUNDLE_IDENTIFIER = com.gmail.ikeh1024.AnalysisYourHappiness;
				PRODUCT_NAME = "$(TARGET_NAME)";
				SWIFT_VERSION = 5.0;
				TARGETED_DEVICE_FAMILY = "1,2";
			};
			name = Debug;
		};
		2ABE8BB3228FD038004053E9 /* Release */ = {
			isa = XCBuildConfiguration;
			buildSettings = {
				ASSETCATALOG_COMPILER_APPICON_NAME = AppIcon;
				CODE_SIGN_STYLE = Automatic;
				INFOPLIST_FILE = AnalysisYourHappiness/Info.plist;
				LD_RUNPATH_SEARCH_PATHS = (
					"$(inherited)",
					"@executable_path/Frameworks",
				);
				PRODUCT_BUNDLE_IDENTIFIER = com.gmail.ikeh1024.AnalysisYourHappiness;
				PRODUCT_NAME = "$(TARGET_NAME)";
				SWIFT_VERSION = 5.0;
				TARGETED_DEVICE_FAMILY = "1,2";
			};
			name = Release;
		};
/* End XCBuildConfiguration section */

/* Begin XCConfigurationList section */
		2ABE8B9A228FD033004053E9 /* Build configuration list for PBXProject "AnalysisYourHappiness" */ = {
			isa = XCConfigurationList;
			buildConfigurations = (
				2ABE8BAF228FD037004053E9 /* Debug */,
				2ABE8BB0228FD038004053E9 /* Release */,
			);
			defaultConfigurationIsVisible = 0;
			defaultConfigurationName = Release;
		};
		2ABE8BB1228FD038004053E9 /* Build configuration list for PBXNativeTarget "AnalysisYourHappiness" */ = {
			isa = XCConfigurationList;
			buildConfigurations = (
				2ABE8BB2228FD038004053E9 /* Debug */,
				2ABE8BB3228FD038004053E9 /* Release */,
			);
			defaultConfigurationIsVisible = 0;
			defaultConfigurationName = Release;
		};
/* End XCConfigurationList section */
	};
	rootObject = 2ABE8B97228FD033004053E9 /* Project object */;
}
